
Microsoft Visual Studio Solution File, Format Version 12.00
# Visual Studio Version 17
VisualStudioVersion = 17.9.34728.123
MinimumVisualStudioVersion = 10.0.40219.1
Project("{9A19103F-16F7-4668-BE54-9A1E7A4F7556}") = "OverdriveServer", "OverdriveServer.csproj", "{18FE3754-D1F2-4675-93EC-E28B623FC7F5}"
EndProject
Global
	GlobalSection(SolutionConfigurationPlatforms) = preSolution
		Debug|Any CPU = Debug|Any CPU
		Release|Any CPU = Release|Any CPU
	EndGlobalSection
	GlobalSection(ProjectConfigurationPlatforms) = postSolution
		{18FE3754-D1F2-4675-93EC-E28B623FC7F5}.Debug|Any CPU.ActiveCfg = Debug|Any CPU
		{18FE3754-D1F2-4675-93EC-E28B623FC7F5}.Debug|Any CPU.Build.0 = Debug|Any CPU
		{18FE3754-D1F2-4675-93EC-E28B623FC7F5}.Release|Any CPU.ActiveCfg = Release|Any CPU
		{18FE3754-D1F2-4675-93EC-E28B623FC7F5}.Release|Any CPU.Build.0 = Release|Any CPU
	EndGlobalSection
	GlobalSection(SolutionProperties) = preSolution
		HideSolutionNode = FALSE
	EndGlobalSection
	GlobalSection(ExtensibilityGlobals) = postSolution
		SolutionGuid = {191492DA-F93B-4147-BF21-5F0364671652}
	EndGlobalSection
EndGlobal
